
Microsoft Visual Studio Solution File, Format Version 12.00
# Visual Studio Version 17
VisualStudioVersion = 17.8.34322.80
MinimumVisualStudioVersion = 10.0.40219.1
Project("{FAE04EC0-301F-11D3-BF4B-00C04F79EFBC}") = "test-Tp-Lab2", "test-Tp-Lab2\test-Tp-Lab2.csproj", "{94350E59-89F7-485C-A990-F89B654088A5}"
EndProject
Global
	GlobalSection(SolutionConfigurationPlatforms) = preSolution
		Debug|Any CPU = Debug|Any CPU
		Release|Any CPU = Release|Any CPU
	EndGlobalSection
	GlobalSection(ProjectConfigurationPlatforms) = postSolution
		{94350E59-89F7-485C-A990-F89B654088A5}.Debug|Any CPU.ActiveCfg = Debug|Any CPU
		{94350E59-89F7-485C-A990-F89B654088A5}.Debug|Any CPU.Build.0 = Debug|Any CPU
		{94350E59-89F7-485C-A990-F89B654088A5}.Release|Any CPU.ActiveCfg = Release|Any CPU
		{94350E59-89F7-485C-A990-F89B654088A5}.Release|Any CPU.Build.0 = Release|Any CPU
	EndGlobalSection
	GlobalSection(SolutionProperties) = preSolution
		HideSolutionNode = FALSE
	EndGlobalSection
	GlobalSection(ExtensibilityGlobals) = postSolution
		SolutionGuid = {B984DFD9-DDAA-49E5-824D-D3B2A9606A0F}
	EndGlobalSection
EndGlobal
